
Microsoft Visual Studio Solution File, Format Version 12.00
# Visual Studio Version 16
VisualStudioVersion = 16.0.32106.194
MinimumVisualStudioVersion = 10.0.40219.1
Project("{FAE04EC0-301F-11D3-BF4B-00C04F79EFBC}") = "Biblioteca", "Biblioteca\Biblioteca.csproj", "{4C15F62E-E74C-40AF-9A80-4D510C53C17D}"
EndProject
Global
	GlobalSection(SolutionConfigurationPlatforms) = preSolution
		Debug|Any CPU = Debug|Any CPU
		Release|Any CPU = Release|Any CPU
	EndGlobalSection
	GlobalSection(ProjectConfigurationPlatforms) = postSolution
		{4C15F62E-E74C-40AF-9A80-4D510C53C17D}.Debug|Any CPU.ActiveCfg = Debug|Any CPU
		{4C15F62E-E74C-40AF-9A80-4D510C53C17D}.Debug|Any CPU.Build.0 = Debug|Any CPU
		{4C15F62E-E74C-40AF-9A80-4D510C53C17D}.Release|Any CPU.ActiveCfg = Release|Any CPU
		{4C15F62E-E74C-40AF-9A80-4D510C53C17D}.Release|Any CPU.Build.0 = Release|Any CPU
	EndGlobalSection
	GlobalSection(SolutionProperties) = preSolution
		HideSolutionNode = FALSE
	EndGlobalSection
	GlobalSection(ExtensibilityGlobals) = postSolution
		SolutionGuid = {0E43F976-8345-48A9-BE41-5BD6D7847226}
	EndGlobalSection
EndGlobal
